lockfileVersion: '9.0'

settings:
  autoInstallPeers: true
  excludeLinksFromLockfile: false

importers:

  .:
    dependencies:
      react-hot-toast:
        specifier: ^2.6.0
        version: 2.6.0(react-dom@19.2.0(react@19.2.0))(react@19.2.0)

packages:

  csstype@3.2.3:
    resolution: {integrity: sha512-z1HGKcYy2xA8AGQfwrn0PAy+PB7X/GSj3UVJW9qKyn43xWa+gl5nXmU4qqLMRzWVLFC8KusUX8T/0kCiOYpAIQ==}

  goober@2.1.18:
    resolution: {integrity: sha512-2vFqsaDVIT9Gz7N6kAL++pLpp41l3PfDuusHcjnGLfR6+huZkl6ziX+zgVC3ZxpqWhzH6pyDdGrCeDhMIvwaxw==}
    peerDependencies:
      csstype: ^3.0.10

  react-dom@19.2.0:
    resolution: {integrity: sha512-UlbRu4cAiGaIewkPyiRGJk0imDN2T3JjieT6spoL2UeSf5od4n5LB/mQ4ejmxhCFT1tYe8IvaFulzynWovsEFQ==}
    peerDependencies:
      react: ^19.2.0

  react-hot-toast@2.6.0:
    resolution: {integrity: sha512-bH+2EBMZ4sdyou/DPrfgIouFpcRLCJ+HoCA32UoAYHn6T3Ur5yfcDCeSr5mwldl6pFOsiocmrXMuoCJ1vV8bWg==}
    engines: {node: '>=10'}
    peerDependencies:
      react: '>=16'
      react-dom: '>=16'

  react@19.2.0:
    resolution: {integrity: sha512-tmbWg6W31tQLeB5cdIBOicJDJRR2KzXsV7uSK9iNfLWQ5bIZfxuPEHp7M8wiHyHnn0DD1i7w3Zmin0FtkrwoCQ==}
    engines: {node: '>=0.10.0'}

  scheduler@0.27.0:
    resolution: {integrity: sha512-eNv+WrVbKu1f3vbYJT/xtiF5syA5HPIMtf9IgY/nKg0sWqzAUEvqY/xm7OcZc/qafLx/iO9FgOmeSAp4v5ti/Q==}

snapshots:

  csstype@3.2.3: {}

  goober@2.1.18(csstype@3.2.3):
    dependencies:
      csstype: 3.2.3

  react-dom@19.2.0(react@19.2.0):
    dependencies:
      react: 19.2.0
      scheduler: 0.27.0

  react-hot-toast@2.6.0(react-dom@19.2.0(react@19.2.0))(react@19.2.0):
    dependencies:
      csstype: 3.2.3
      goober: 2.1.18(csstype@3.2.3)
      react: 19.2.0
      react-dom: 19.2.0(react@19.2.0)

  react@19.2.0: {}

  scheduler@0.27.0: {}
